
Microsoft Visual Studio Solution File, Format Version 12.00
# Visual Studio Version 16
VisualStudioVersion = 16.0.30611.23
MinimumVisualStudioVersion = 10.0.40219.1
Project("{FAE04EC0-301F-11D3-BF4B-00C04F79EFBC}") = "BT8", "BT8\BT8.csproj", "{31628850-A7C4-492F-A439-80F50B4EB3A3}"
EndProject
Project("{FAE04EC0-301F-11D3-BF4B-00C04F79EFBC}") = "BT9", "BT9\BT9.csproj", "{087BDEEA-037E-43A8-8672-BFA82BD93B99}"
EndProject
Project("{FAE04EC0-301F-11D3-BF4B-00C04F79EFBC}") = "BT10", "BT10\BT10.csproj", "{3DA87C5A-DAC3-442B-AE3B-315054919940}"
EndProject
Global
	GlobalSection(SolutionConfigurationPlatforms) = preSolution
		Debug|Any CPU = Debug|Any CPU
		Release|Any CPU = Release|Any CPU
	EndGlobalSection
	GlobalSection(ProjectConfigurationPlatforms) = postSolution
		{31628850-A7C4-492F-A439-80F50B4EB3A3}.Debug|Any CPU.ActiveCfg = Debug|Any CPU
		{31628850-A7C4-492F-A439-80F50B4EB3A3}.Debug|Any CPU.Build.0 = Debug|Any CPU
		{31628850-A7C4-492F-A439-80F50B4EB3A3}.Release|Any CPU.ActiveCfg = Release|Any CPU
		{31628850-A7C4-492F-A439-80F50B4EB3A3}.Release|Any CPU.Build.0 = Release|Any CPU
		{087BDEEA-037E-43A8-8672-BFA82BD93B99}.Debug|Any CPU.ActiveCfg = Debug|Any CPU
		{087BDEEA-037E-43A8-8672-BFA82BD93B99}.Debug|Any CPU.Build.0 = Debug|Any CPU
		{087BDEEA-037E-43A8-8672-BFA82BD93B99}.Release|Any CPU.ActiveCfg = Release|Any CPU
		{087BDEEA-037E-43A8-8672-BFA82BD93B99}.Release|Any CPU.Build.0 = Release|Any CPU
		{3DA87C5A-DAC3-442B-AE3B-315054919940}.Debug|Any CPU.ActiveCfg = Debug|Any CPU
		{3DA87C5A-DAC3-442B-AE3B-315054919940}.Debug|Any CPU.Build.0 = Debug|Any CPU
		{3DA87C5A-DAC3-442B-AE3B-315054919940}.Release|Any CPU.ActiveCfg = Release|Any CPU
		{3DA87C5A-DAC3-442B-AE3B-315054919940}.Release|Any CPU.Build.0 = Release|Any CPU
	EndGlobalSection
	GlobalSection(SolutionProperties) = preSolution
		HideSolutionNode = FALSE
	EndGlobalSection
	GlobalSection(ExtensibilityGlobals) = postSolution
		SolutionGuid = {B00A1BB9-A413-482F-8F24-5B5734510556}
	EndGlobalSection
EndGlobal
