
Microsoft Visual Studio Solution File, Format Version 12.00
# Visual Studio Version 16
VisualStudioVersion = 16.0.30621.155
MinimumVisualStudioVersion = 10.0.40219.1
Project("{FAE04EC0-301F-11D3-BF4B-00C04F79EFBC}") = "BaiTapThucHanh2", "BaiTapThucHanh2\BaiTapThucHanh2.csproj", "{9BCB1F7B-F813-4553-920F-982DEFF8285D}"
EndProject
Global
	GlobalSection(SolutionConfigurationPlatforms) = preSolution
		Debug|Any CPU = Debug|Any CPU
		Release|Any CPU = Release|Any CPU
	EndGlobalSection
	GlobalSection(ProjectConfigurationPlatforms) = postSolution
		{9BCB1F7B-F813-4553-920F-982DEFF8285D}.Debug|Any CPU.ActiveCfg = Debug|Any CPU
		{9BCB1F7B-F813-4553-920F-982DEFF8285D}.Debug|Any CPU.Build.0 = Debug|Any CPU
		{9BCB1F7B-F813-4553-920F-982DEFF8285D}.Release|Any CPU.ActiveCfg = Release|Any CPU
		{9BCB1F7B-F813-4553-920F-982DEFF8285D}.Release|Any CPU.Build.0 = Release|Any CPU
	EndGlobalSection
	GlobalSection(SolutionProperties) = preSolution
		HideSolutionNode = FALSE
	EndGlobalSection
	GlobalSection(ExtensibilityGlobals) = postSolution
		SolutionGuid = {65807BD4-55AE-49D4-99D4-C7F45E6141DE}
	EndGlobalSection
EndGlobal
